{
  "name": "@rocketshow/designer",
  "version": "1.22.0",
  "lockfileVersion": 1,
  "requires": true,
  "dependencies": {
    "angular-sortablejs": {
      "version": "2.7.0",
      "resolved": "https://registry.npmjs.org/angular-sortablejs/-/angular-sortablejs-2.7.0.tgz",
      "integrity": "sha512-pFnRAZmIDUROTCr1V17DCc7iwrdDYqVIkQmOf+pIl7OZCXo7fqCVZYL4sluFmh81SpM45P/aohbC5Zb6ECp4/A=="
    }
  }
}
